// !$*UTF8*$!
{
	archiveVersion = 1;
	classes = {
	};
	objectVersion = 50;
	objects = {

/* Begin PBXBuildFile section */
		30E67E24AC1AC3B421E7CBE0 /* Pods_SolutionPlanetDemoTask.framework in Frameworks */ = {isa = PBXBuildFile; fileRef = C667C5C7AE59710F6F1A2D1C /* Pods_SolutionPlanetDemoTask.framework */; };
		4A27B04A51039EAD11C647E4 /* Pods_SolutionPlanetDemoTaskTests.framework in Frameworks */ = {isa = PBXBuildFile; fileRef = 60A0813681E56E57F8E4AFD2 /* Pods_SolutionPlanetDemoTaskTests.framework */; };
		EB22325CA85349DFCD54FE7B /* Pods_SolutionPlanetDemoTaskUITests.framework in Frameworks */ = {isa = PBXBuildFile; fileRef = C322062F5BC282642E41E53D /* Pods_SolutionPlanetDemoTaskUITests.framework */; };
		FF38A53921734B7000DA9740 /* postList.json in Resources */ = {isa = PBXBuildFile; fileRef = FF38A53821734B7000DA9740 /* postList.json */; };
		FF715B442171D6F500F01967 /* AppDelegate.swift in Sources */ = {isa = PBXBuildFile; fileRef = FF715B432171D6F500F01967 /* AppDelegate.swift */; };
		FF715B492171D6F500F01967 /* Main.storyboard in Resources */ = {isa = PBXBuildFile; fileRef = FF715B472171D6F500F01967 /* Main.storyboard */; };
		FF715B4C2171D6F500F01967 /* SolutionPlanetDemoTask.xcdatamodeld in Sources */ = {isa = PBXBuildFile; fileRef = FF715B4A2171D6F500F01967 /* SolutionPlanetDemoTask.xcdatamodeld */; };
		FF715B4E2171D6F700F01967 /* Assets.xcassets in Resources */ = {isa = PBXBuildFile; fileRef = FF715B4D2171D6F700F01967 /* Assets.xcassets */; };
		FF715B5C2171D6F700F01967 /* SolutionPlanetDemoTaskTests.swift in Sources */ = {isa = PBXBuildFile; fileRef = FF715B5B2171D6F700F01967 /* SolutionPlanetDemoTaskTests.swift */; };
		FF715B672171D6F700F01967 /* SolutionPlanetDemoTaskUITests.swift in Sources */ = {isa = PBXBuildFile; fileRef = FF715B662171D6F700F01967 /* SolutionPlanetDemoTaskUITests.swift */; };
		FF715B752171D76400F01967 /* UserWallVC.swift in Sources */ = {isa = PBXBuildFile; fileRef = FF715B742171D76400F01967 /* UserWallVC.swift */; };
		FF715B7C2171DEF000F01967 /* WallTableCell.swift in Sources */ = {isa = PBXBuildFile; fileRef = FF715B7B2171DEF000F01967 /* WallTableCell.swift */; };
		FF715B7E2171DF6300F01967 /* WallDataModel.swift in Sources */ = {isa = PBXBuildFile; fileRef = FF715B7D2171DF6300F01967 /* WallDataModel.swift */; };
		FF715B802171EB2B00F01967 /* ExtenstionClass.swift in Sources */ = {isa = PBXBuildFile; fileRef = FF715B7F2171EB2B00F01967 /* ExtenstionClass.swift */; };
		FF715B822171ED8900F01967 /* Launch Screen.storyboard in Resources */ = {isa = PBXBuildFile; fileRef = FF715B812171ED8900F01967 /* Launch Screen.storyboard */; };
		FF715B8621726D0E00F01967 /* ImageVeiwerVC.swift in Sources */ = {isa = PBXBuildFile; fileRef = FF715B8521726D0E00F01967 /* ImageVeiwerVC.swift */; };
		FF715B8821726DEC00F01967 /* ImageScrollView.swift in Sources */ = {isa = PBXBuildFile; fileRef = FF715B8721726DEC00F01967 /* ImageScrollView.swift */; };
/* End PBXBuildFile section */

/* Begin PBXContainerItemProxy section */
		FF715B582171D6F700F01967 /* PBXContainerItemProxy */ = {
			isa = PBXContainerItemProxy;
			containerPortal = FF715B382171D6F500F01967 /* Project object */;
			proxyType = 1;
			remoteGlobalIDString = FF715B3F2171D6F500F01967;
			remoteInfo = SolutionPlanetDemoTask;
		};
		FF715B632171D6F700F01967 /* PBXContainerItemProxy */ = {
			isa = PBXContainerItemProxy;
			containerPortal = FF715B382171D6F500F01967 /* Project object */;
			proxyType = 1;
			remoteGlobalIDString = FF715B3F2171D6F500F01967;
			remoteInfo = SolutionPlanetDemoTask;
		};
/* End PBXContainerItemProxy section */

/* Begin PBXFileReference section */
		537CF45925C319101268FB08 /* Pods-SolutionPlanetDemoTaskUITests.debug.xcconfig */ = {isa = PBXFileReference; includeInIndex = 1; lastKnownFileType = text.xcconfig; name = "Pods-SolutionPlanetDemoTaskUITests.debug.xcconfig"; path = "Pods/Target Support Files/Pods-SolutionPlanetDemoTaskUITests/Pods-SolutionPlanetDemoTaskUITests.debug.xcconfig"; sourceTree = "<group>"; };
		5F5E5D4D3BA30221B69EB094 /* Pods-SolutionPlanetDemoTaskUITests.release.xcconfig */ = {isa = PBXFileReference; includeInIndex = 1; lastKnownFileType = text.xcconfig; name = "Pods-SolutionPlanetDemoTaskUITests.release.xcconfig"; path = "Pods/Target Support Files/Pods-SolutionPlanetDemoTaskUITests/Pods-SolutionPlanetDemoTaskUITests.release.xcconfig"; sourceTree = "<group>"; };
		60A0813681E56E57F8E4AFD2 /* Pods_SolutionPlanetDemoTaskTests.framework */ = {isa = PBXFileReference; explicitFileType = wrapper.framework; includeInIndex = 0; path = Pods_SolutionPlanetDemoTaskTests.framework; sourceTree = BUILT_PRODUCTS_DIR; };
		9385D0635ADCA52E36F9601E /* Pods-SolutionPlanetDemoTaskTests.release.xcconfig */ = {isa = PBXFileReference; includeInIndex = 1; lastKnownFileType = text.xcconfig; name = "Pods-SolutionPlanetDemoTaskTests.release.xcconfig"; path = "Pods/Target Support Files/Pods-SolutionPlanetDemoTaskTests/Pods-SolutionPlanetDemoTaskTests.release.xcconfig"; sourceTree = "<group>"; };
		A7C05073A3C787DBF521D929 /* Pods-SolutionPlanetDemoTask.debug.xcconfig */ = {isa = PBXFileReference; includeInIndex = 1; lastKnownFileType = text.xcconfig; name = "Pods-SolutionPlanetDemoTask.debug.xcconfig"; path = "Pods/Target Support Files/Pods-SolutionPlanetDemoTask/Pods-SolutionPlanetDemoTask.debug.xcconfig"; sourceTree = "<group>"; };
		C322062F5BC282642E41E53D /* Pods_SolutionPlanetDemoTaskUITests.framework */ = {isa = PBXFileReference; explicitFileType = wrapper.framework; includeInIndex = 0; path = Pods_SolutionPlanetDemoTaskUITests.framework; sourceTree = BUILT_PRODUCTS_DIR; };
		C667C5C7AE59710F6F1A2D1C /* Pods_SolutionPlanetDemoTask.framework */ = {isa = PBXFileReference; explicitFileType = wrapper.framework; includeInIndex = 0; path = Pods_SolutionPlanetDemoTask.framework; sourceTree = BUILT_PRODUCTS_DIR; };
		F7D87E2500C4447DBF9DC152 /* Pods-SolutionPlanetDemoTaskTests.debug.xcconfig */ = {isa = PBXFileReference; includeInIndex = 1; lastKnownFileType = text.xcconfig; name = "Pods-SolutionPlanetDemoTaskTests.debug.xcconfig"; path = "Pods/Target Support Files/Pods-SolutionPlanetDemoTaskTests/Pods-SolutionPlanetDemoTaskTests.debug.xcconfig"; sourceTree = "<group>"; };
		F89BB9B141C3F03D78B9B7F5 /* Pods-SolutionPlanetDemoTask.release.xcconfig */ = {isa = PBXFileReference; includeInIndex = 1; lastKnownFileType = text.xcconfig; name = "Pods-SolutionPlanetDemoTask.release.xcconfig"; path = "Pods/Target Support Files/Pods-SolutionPlanetDemoTask/Pods-SolutionPlanetDemoTask.release.xcconfig"; sourceTree = "<group>"; };
		FF38A53821734B7000DA9740 /* postList.json */ = {isa = PBXFileReference; fileEncoding = 4; lastKnownFileType = text.json; path = postList.json; sourceTree = "<group>"; };
		FF715B402171D6F500F01967 /* SolutionPlanetDemoTask.app */ = {isa = PBXFileReference; explicitFileType = wrapper.application; includeInIndex = 0; path = SolutionPlanetDemoTask.app; sourceTree = BUILT_PRODUCTS_DIR; };
		FF715B432171D6F500F01967 /* AppDelegate.swift */ = {isa = PBXFileReference; lastKnownFileType = sourcecode.swift; path = AppDelegate.swift; sourceTree = "<group>"; };
		FF715B482171D6F500F01967 /* Base */ = {isa = PBXFileReference; lastKnownFileType = file.storyboard; name = Base; path = Base.lproj/Main.storyboard; sourceTree = "<group>"; };
		FF715B4B2171D6F500F01967 /* SolutionPlanetDemoTask.xcdatamodel */ = {isa = PBXFileReference; lastKnownFileType = wrapper.xcdatamodel; path = SolutionPlanetDemoTask.xcdatamodel; sourceTree = "<group>"; };
		FF715B4D2171D6F700F01967 /* Assets.xcassets */ = {isa = PBXFileReference; lastKnownFileType = folder.assetcatalog; path = Assets.xcassets; sourceTree = "<group>"; };
		FF715B522171D6F700F01967 /* Info.plist */ = {isa = PBXFileReference; lastKnownFileType = text.plist.xml; path = Info.plist; sourceTree = "<group>"; };
		FF715B572171D6F700F01967 /* SolutionPlanetDemoTaskTests.xctest */ = {isa = PBXFileReference; explicitFileType = wrapper.cfbundle; includeInIndex = 0; path = SolutionPlanetDemoTaskTests.xctest; sourceTree = BUILT_PRODUCTS_DIR; };
		FF715B5B2171D6F700F01967 /* SolutionPlanetDemoTaskTests.swift */ = {isa = PBXFileReference; lastKnownFileType = sourcecode.swift; path = SolutionPlanetDemoTaskTests.swift; sourceTree = "<group>"; };
		FF715B5D2171D6F700F01967 /* Info.plist */ = {isa = PBXFileReference; lastKnownFileType = text.plist.xml; path = Info.plist; sourceTree = "<group>"; };
		FF715B622171D6F700F01967 /* SolutionPlanetDemoTaskUITests.xctest */ = {isa = PBXFileReference; explicitFileType = wrapper.cfbundle; includeInIndex = 0; path = SolutionPlanetDemoTaskUITests.xctest; sourceTree = BUILT_PRODUCTS_DIR; };
		FF715B662171D6F700F01967 /* SolutionPlanetDemoTaskUITests.swift */ = {isa = PBXFileReference; lastKnownFileType = sourcecode.swift; path = SolutionPlanetDemoTaskUITests.swift; sourceTree = "<group>"; };
		FF715B682171D6F700F01967 /* Info.plist */ = {isa = PBXFileReference; lastKnownFileType = text.plist.xml; path = Info.plist; sourceTree = "<group>"; };
		FF715B742171D76400F01967 /* UserWallVC.swift */ = {isa = PBXFileReference; lastKnownFileType = sourcecode.swift; path = UserWallVC.swift; sourceTree = "<group>"; };
		FF715B7B2171DEF000F01967 /* WallTableCell.swift */ = {isa = PBXFileReference; lastKnownFileType = sourcecode.swift; path = WallTableCell.swift; sourceTree = "<group>"; };
		FF715B7D2171DF6300F01967 /* WallDataModel.swift */ = {isa = PBXFileReference; lastKnownFileType = sourcecode.swift; path = WallDataModel.swift; sourceTree = "<group>"; };
		FF715B7F2171EB2B00F01967 /* ExtenstionClass.swift */ = {isa = PBXFileReference; lastKnownFileType = sourcecode.swift; path = ExtenstionClass.swift; sourceTree = "<group>"; };
		FF715B812171ED8900F01967 /* Launch Screen.storyboard */ = {isa = PBXFileReference; lastKnownFileType = file.storyboard; path = "Launch Screen.storyboard"; sourceTree = "<group>"; };
		FF715B8521726D0E00F01967 /* ImageVeiwerVC.swift */ = {isa = PBXFileReference; lastKnownFileType = sourcecode.swift; path = ImageVeiwerVC.swift; sourceTree = "<group>"; };
		FF715B8721726DEC00F01967 /* ImageScrollView.swift */ = {isa = PBXFileReference; fileEncoding = 4; lastKnownFileType = sourcecode.swift; path = ImageScrollView.swift; sourceTree = "<group>"; };
/* End PBXFileReference section */

/* Begin PBXFrameworksBuildPhase section */
		FF715B3D2171D6F500F01967 /* Frameworks */ = {
			isa = PBXFrameworksBuildPhase;
			buildActionMask = 2147483647;
			files = (
				30E67E24AC1AC3B421E7CBE0 /* Pods_SolutionPlanetDemoTask.framework in Frameworks */,
			);
			runOnlyForDeploymentPostprocessing = 0;
		};
		FF715B542171D6F700F01967 /* Frameworks */ = {
			isa = PBXFrameworksBuildPhase;
			buildActionMask = 2147483647;
			files = (
				4A27B04A51039EAD11C647E4 /* Pods_SolutionPlanetDemoTaskTests.framework in Frameworks */,
			);
			runOnlyForDeploymentPostprocessing = 0;
		};
		FF715B5F2171D6F700F01967 /* Frameworks */ = {
			isa = PBXFrameworksBuildPhase;
			buildActionMask = 2147483647;
			files = (
				EB22325CA85349DFCD54FE7B /* Pods_SolutionPlanetDemoTaskUITests.framework in Frameworks */,
			);
			runOnlyForDeploymentPostprocessing = 0;
		};
/* End PBXFrameworksBuildPhase section */

/* Begin PBXGroup section */
		750C57EA3F799B97CB383C78 /* Frameworks */ = {
			isa = PBXGroup;
			children = (
				C667C5C7AE59710F6F1A2D1C /* Pods_SolutionPlanetDemoTask.framework */,
				60A0813681E56E57F8E4AFD2 /* Pods_SolutionPlanetDemoTaskTests.framework */,
				C322062F5BC282642E41E53D /* Pods_SolutionPlanetDemoTaskUITests.framework */,
			);
			name = Frameworks;
			sourceTree = "<group>";
		};
		A7E815A2C37FD51FA01B0069 /* Pods */ = {
			isa = PBXGroup;
			children = (
				A7C05073A3C787DBF521D929 /* Pods-SolutionPlanetDemoTask.debug.xcconfig */,
				F89BB9B141C3F03D78B9B7F5 /* Pods-SolutionPlanetDemoTask.release.xcconfig */,
				F7D87E2500C4447DBF9DC152 /* Pods-SolutionPlanetDemoTaskTests.debug.xcconfig */,
				9385D0635ADCA52E36F9601E /* Pods-SolutionPlanetDemoTaskTests.release.xcconfig */,
				537CF45925C319101268FB08 /* Pods-SolutionPlanetDemoTaskUITests.debug.xcconfig */,
				5F5E5D4D3BA30221B69EB094 /* Pods-SolutionPlanetDemoTaskUITests.release.xcconfig */,
			);
			name = Pods;
			sourceTree = "<group>";
		};
		FF715B372171D6F500F01967 = {
			isa = PBXGroup;
			children = (
				FF715B422171D6F500F01967 /* SolutionPlanetDemoTask */,
				FF715B5A2171D6F700F01967 /* SolutionPlanetDemoTaskTests */,
				FF715B652171D6F700F01967 /* SolutionPlanetDemoTaskUITests */,
				FF715B412171D6F500F01967 /* Products */,
				A7E815A2C37FD51FA01B0069 /* Pods */,
				750C57EA3F799B97CB383C78 /* Frameworks */,
			);
			sourceTree = "<group>";
		};
		FF715B412171D6F500F01967 /* Products */ = {
			isa = PBXGroup;
			children = (
				FF715B402171D6F500F01967 /* SolutionPlanetDemoTask.app */,
				FF715B572171D6F700F01967 /* SolutionPlanetDemoTaskTests.xctest */,
				FF715B622171D6F700F01967 /* SolutionPlanetDemoTaskUITests.xctest */,
			);
			name = Products;
			sourceTree = "<group>";
		};
		FF715B422171D6F500F01967 /* SolutionPlanetDemoTask */ = {
			isa = PBXGroup;
			children = (
				FF38A53821734B7000DA9740 /* postList.json */,
				FF715B432171D6F500F01967 /* AppDelegate.swift */,
				FF715B7F2171EB2B00F01967 /* ExtenstionClass.swift */,
				FF715B8721726DEC00F01967 /* ImageScrollView.swift */,
				FF715B782171DE8200F01967 /* Controller */,
				FF715B7A2171DE9D00F01967 /* Models */,
				FF715B792171DE8E00F01967 /* View */,
				FF715B472171D6F500F01967 /* Main.storyboard */,
				FF715B4D2171D6F700F01967 /* Assets.xcassets */,
				FF715B812171ED8900F01967 /* Launch Screen.storyboard */,
				FF715B522171D6F700F01967 /* Info.plist */,
				FF715B4A2171D6F500F01967 /* SolutionPlanetDemoTask.xcdatamodeld */,
			);
			path = SolutionPlanetDemoTask;
			sourceTree = "<group>";
		};
		FF715B5A2171D6F700F01967 /* SolutionPlanetDemoTaskTests */ = {
			isa = PBXGroup;
			children = (
				FF715B5B2171D6F700F01967 /* SolutionPlanetDemoTaskTests.swift */,
				FF715B5D2171D6F700F01967 /* Info.plist */,
			);
			path = SolutionPlanetDemoTaskTests;
			sourceTree = "<group>";
		};
		FF715B652171D6F700F01967 /* SolutionPlanetDemoTaskUITests */ = {
			isa = PBXGroup;
			children = (
				FF715B662171D6F700F01967 /* SolutionPlanetDemoTaskUITests.swift */,
				FF715B682171D6F700F01967 /* Info.plist */,
			);
			path = SolutionPlanetDemoTaskUITests;
			sourceTree = "<group>";
		};
		FF715B782171DE8200F01967 /* Controller */ = {
			isa = PBXGroup;
			children = (
				FF715B742171D76400F01967 /* UserWallVC.swift */,
				FF715B8521726D0E00F01967 /* ImageVeiwerVC.swift */,
			);
			path = Controller;
			sourceTree = "<group>";
		};
		FF715B792171DE8E00F01967 /* View */ = {
			isa = PBXGroup;
			children = (
				FF715B7B2171DEF000F01967 /* WallTableCell.swift */,
			);
			path = View;
			sourceTree = "<group>";
		};
		FF715B7A2171DE9D00F01967 /* Models */ = {
			isa = PBXGroup;
			children = (
				FF715B7D2171DF6300F01967 /* WallDataModel.swift */,
			);
			path = Models;
			sourceTree = "<group>";
		};
/* End PBXGroup section */

/* Begin PBXNativeTarget section */
		FF715B3F2171D6F500F01967 /* SolutionPlanetDemoTask */ = {
			isa = PBXNativeTarget;
			buildConfigurationList = FF715B6B2171D6F700F01967 /* Build configuration list for PBXNativeTarget "SolutionPlanetDemoTask" */;
			buildPhases = (
				88B75E58302FDB7E3AF1090B /* [CP] Check Pods Manifest.lock */,
				FF715B3C2171D6F500F01967 /* Sources */,
				FF715B3D2171D6F500F01967 /* Frameworks */,
				FF715B3E2171D6F500F01967 /* Resources */,
				2C51940AC920F4B24A929737 /* [CP] Embed Pods Frameworks */,
			);
			buildRules = (
			);
			dependencies = (
			);
			name = SolutionPlanetDemoTask;
			productName = SolutionPlanetDemoTask;
			productReference = FF715B402171D6F500F01967 /* SolutionPlanetDemoTask.app */;
			productType = "com.apple.product-type.application";
		};
		FF715B562171D6F700F01967 /* SolutionPlanetDemoTaskTests */ = {
			isa = PBXNativeTarget;
			buildConfigurationList = FF715B6E2171D6F700F01967 /* Build configuration list for PBXNativeTarget "SolutionPlanetDemoTaskTests" */;
			buildPhases = (
				9664B34E4AE2E680C089ECD3 /* [CP] Check Pods Manifest.lock */,
				FF715B532171D6F700F01967 /* Sources */,
				FF715B542171D6F700F01967 /* Frameworks */,
				FF715B552171D6F700F01967 /* Resources */,
			);
			buildRules = (
			);
			dependencies = (
				FF715B592171D6F700F01967 /* PBXTargetDependency */,
			);
			name = SolutionPlanetDemoTaskTests;
			productName = SolutionPlanetDemoTaskTests;
			productReference = FF715B572171D6F700F01967 /* SolutionPlanetDemoTaskTests.xctest */;
			productType = "com.apple.product-type.bundle.unit-test";
		};
		FF715B612171D6F700F01967 /* SolutionPlanetDemoTaskUITests */ = {
			isa = PBXNativeTarget;
			buildConfigurationList = FF715B712171D6F700F01967 /* Build configuration list for PBXNativeTarget "SolutionPlanetDemoTaskUITests" */;
			buildPhases = (
				8D8AE0606BF36B78DF09233F /* [CP] Check Pods Manifest.lock */,
				FF715B5E2171D6F700F01967 /* Sources */,
				FF715B5F2171D6F700F01967 /* Frameworks */,
				FF715B602171D6F700F01967 /* Resources */,
			);
			buildRules = (
			);
			dependencies = (
				FF715B642171D6F700F01967 /* PBXTargetDependency */,
			);
			name = SolutionPlanetDemoTaskUITests;
			productName = SolutionPlanetDemoTaskUITests;
			productReference = FF715B622171D6F700F01967 /* SolutionPlanetDemoTaskUITests.xctest */;
			productType = "com.apple.product-type.bundle.ui-testing";
		};
/* End PBXNativeTarget section */

/* Begin PBXProject section */
		FF715B382171D6F500F01967 /* Project object */ = {
			isa = PBXProject;
			attributes = {
				LastSwiftUpdateCheck = 0940;
				LastUpgradeCheck = 0940;
				ORGANIZATIONNAME = Kondya;
				TargetAttributes = {
					FF715B3F2171D6F500F01967 = {
						CreatedOnToolsVersion = 9.4.1;
					};
					FF715B562171D6F700F01967 = {
						CreatedOnToolsVersion = 9.4.1;
						TestTargetID = FF715B3F2171D6F500F01967;
					};
					FF715B612171D6F700F01967 = {
						CreatedOnToolsVersion = 9.4.1;
						TestTargetID = FF715B3F2171D6F500F01967;
					};
				};
			};
			buildConfigurationList = FF715B3B2171D6F500F01967 /* Build configuration list for PBXProject "SolutionPlanetDemoTask" */;
			compatibilityVersion = "Xcode 9.3";
			developmentRegion = en;
			hasScannedForEncodings = 0;
			knownRegions = (
				en,
				Base,
			);
			mainGroup = FF715B372171D6F500F01967;
			productRefGroup = FF715B412171D6F500F01967 /* Products */;
			projectDirPath = "";
			projectRoot = "";
			targets = (
				FF715B3F2171D6F500F01967 /* SolutionPlanetDemoTask */,
				FF715B562171D6F700F01967 /* SolutionPlanetDemoTaskTests */,
				FF715B612171D6F700F01967 /* SolutionPlanetDemoTaskUITests */,
			);
		};
/* End PBXProject section */

/* Begin PBXResourcesBuildPhase section */
		FF715B3E2171D6F500F01967 /* Resources */ = {
			isa = PBXResourcesBuildPhase;
			buildActionMask = 2147483647;
			files = (
				FF715B822171ED8900F01967 /* Launch Screen.storyboard in Resources */,
				FF715B4E2171D6F700F01967 /* Assets.xcassets in Resources */,
				FF715B492171D6F500F01967 /* Main.storyboard in Resources */,
				FF38A53921734B7000DA9740 /* postList.json in Resources */,
			);
			runOnlyForDeploymentPostprocessing = 0;
		};
		FF715B552171D6F700F01967 /* Resources */ = {
			isa = PBXResourcesBuildPhase;
			buildActionMask = 2147483647;
			files = (
			);
			runOnlyForDeploymentPostprocessing = 0;
		};
		FF715B602171D6F700F01967 /* Resources */ = {
			isa = PBXResourcesBuildPhase;
			buildActionMask = 2147483647;
			files = (
			);
			runOnlyForDeploymentPostprocessing = 0;
		};
/* End PBXResourcesBuildPhase section */

/* Begin PBXShellScriptBuildPhase section */
		2C51940AC920F4B24A929737 /* [CP] Embed Pods Frameworks */ = {
			isa = PBXShellScriptBuildPhase;
			buildActionMask = 2147483647;
			files = (
			);
			inputPaths = (
				"${SRCROOT}/Pods/Target Support Files/Pods-SolutionPlanetDemoTask/Pods-SolutionPlanetDemoTask-frameworks.sh",
				"${BUILT_PRODUCTS_DIR}/SDWebImage/SDWebImage.framework",
			);
			name = "[CP] Embed Pods Frameworks";
			outputPaths = (
				"${TARGET_BUILD_DIR}/${FRAMEWORKS_FOLDER_PATH}/SDWebImage.framework",
			);
			runOnlyForDeploymentPostprocessing = 0;
			shellPath = /bin/sh;
			shellScript = "\"${SRCROOT}/Pods/Target Support Files/Pods-SolutionPlanetDemoTask/Pods-SolutionPlanetDemoTask-frameworks.sh\"\n";
			showEnvVarsInLog = 0;
		};
		88B75E58302FDB7E3AF1090B /* [CP] Check Pods Manifest.lock */ = {
			isa = PBXShellScriptBuildPhase;
			buildActionMask = 2147483647;
			files = (
			);
			inputPaths = (
				"${PODS_PODFILE_DIR_PATH}/Podfile.lock",
				"${PODS_ROOT}/Manifest.lock",
			);
			name = "[CP] Check Pods Manifest.lock";
			outputPaths = (
				"$(DERIVED_FILE_DIR)/Pods-SolutionPlanetDemoTask-checkManifestLockResult.txt",
			);
			runOnlyForDeploymentPostprocessing = 0;
			shellPath = /bin/sh;
			shellScript = "diff \"${PODS_PODFILE_DIR_PATH}/Podfile.lock\" \"${PODS_ROOT}/Manifest.lock\" > /dev/null\nif [ $? != 0 ] ; then\n    # print error to STDERR\n    echo \"error: The sandbox is not in sync with the Podfile.lock. Run 'pod install' or update your CocoaPods installation.\" >&2\n    exit 1\nfi\n# This output is used by Xcode 'outputs' to avoid re-running this script phase.\necho \"SUCCESS\" > \"${SCRIPT_OUTPUT_FILE_0}\"\n";
			showEnvVarsInLog = 0;
		};
		8D8AE0606BF36B78DF09233F /* [CP] Check Pods Manifest.lock */ = {
			isa = PBXShellScriptBuildPhase;
			buildActionMask = 2147483647;
			files = (
			);
			inputPaths = (
				"${PODS_PODFILE_DIR_PATH}/Podfile.lock",
				"${PODS_ROOT}/Manifest.lock",
			);
			name = "[CP] Check Pods Manifest.lock";
			outputPaths = (
				"$(DERIVED_FILE_DIR)/Pods-SolutionPlanetDemoTaskUITests-checkManifestLockResult.txt",
			);
			runOnlyForDeploymentPostprocessing = 0;
			shellPath = /bin/sh;
			shellScript = "diff \"${PODS_PODFILE_DIR_PATH}/Podfile.lock\" \"${PODS_ROOT}/Manifest.lock\" > /dev/null\nif [ $? != 0 ] ; then\n    # print error to STDERR\n    echo \"error: The sandbox is not in sync with the Podfile.lock. Run 'pod install' or update your CocoaPods installation.\" >&2\n    exit 1\nfi\n# This output is used by Xcode 'outputs' to avoid re-running this script phase.\necho \"SUCCESS\" > \"${SCRIPT_OUTPUT_FILE_0}\"\n";
			showEnvVarsInLog = 0;
		};
		9664B34E4AE2E680C089ECD3 /* [CP] Check Pods Manifest.lock */ = {
			isa = PBXShellScriptBuildPhase;
			buildActionMask = 2147483647;
			files = (
			);
			inputPaths = (
				"${PODS_PODFILE_DIR_PATH}/Podfile.lock",
				"${PODS_ROOT}/Manifest.lock",
			);
			name = "[CP] Check Pods Manifest.lock";
			outputPaths = (
				"$(DERIVED_FILE_DIR)/Pods-SolutionPlanetDemoTaskTests-checkManifestLockResult.txt",
			);
			runOnlyForDeploymentPostprocessing = 0;
			shellPath = /bin/sh;
			shellScript = "diff \"${PODS_PODFILE_DIR_PATH}/Podfile.lock\" \"${PODS_ROOT}/Manifest.lock\" > /dev/null\nif [ $? != 0 ] ; then\n    # print error to STDERR\n    echo \"error: The sandbox is not in sync with the Podfile.lock. Run 'pod install' or update your CocoaPods installation.\" >&2\n    exit 1\nfi\n# This output is used by Xcode 'outputs' to avoid re-running this script phase.\necho \"SUCCESS\" > \"${SCRIPT_OUTPUT_FILE_0}\"\n";
			showEnvVarsInLog = 0;
		};
/* End PBXShellScriptBuildPhase section */

/* Begin PBXSourcesBuildPhase section */
		FF715B3C2171D6F500F01967 /* Sources */ = {
			isa = PBXSourcesBuildPhase;
			buildActionMask = 2147483647;
			files = (
				FF715B752171D76400F01967 /* UserWallVC.swift in Sources */,
				FF715B4C2171D6F500F01967 /* SolutionPlanetDemoTask.xcdatamodeld in Sources */,
				FF715B7C2171DEF000F01967 /* WallTableCell.swift in Sources */,
				FF715B442171D6F500F01967 /* AppDelegate.swift in Sources */,
				FF715B8621726D0E00F01967 /* ImageVeiwerVC.swift in Sources */,
				FF715B8821726DEC00F01967 /* ImageScrollView.swift in Sources */,
				FF715B7E2171DF6300F01967 /* WallDataModel.swift in Sources */,
				FF715B802171EB2B00F01967 /* ExtenstionClass.swift in Sources */,
			);
			runOnlyForDeploymentPostprocessing = 0;
		};
		FF715B532171D6F700F01967 /* Sources */ = {
			isa = PBXSourcesBuildPhase;
			buildActionMask = 2147483647;
			files = (
				FF715B5C2171D6F700F01967 /* SolutionPlanetDemoTaskTests.swift in Sources */,
			);
			runOnlyForDeploymentPostprocessing = 0;
		};
		FF715B5E2171D6F700F01967 /* Sources */ = {
			isa = PBXSourcesBuildPhase;
			buildActionMask = 2147483647;
			files = (
				FF715B672171D6F700F01967 /* SolutionPlanetDemoTaskUITests.swift in Sources */,
			);
			runOnlyForDeploymentPostprocessing = 0;
		};
/* End PBXSourcesBuildPhase section */

/* Begin PBXTargetDependency section */
		FF715B592171D6F700F01967 /* PBXTargetDependency */ = {
			isa = PBXTargetDependency;
			target = FF715B3F2171D6F500F01967 /* SolutionPlanetDemoTask */;
			targetProxy = FF715B582171D6F700F01967 /* PBXContainerItemProxy */;
		};
		FF715B642171D6F700F01967 /* PBXTargetDependency */ = {
			isa = PBXTargetDependency;
			target = FF715B3F2171D6F500F01967 /* SolutionPlanetDemoTask */;
			targetProxy = FF715B632171D6F700F01967 /* PBXContainerItemProxy */;
		};
/* End PBXTargetDependency section */

/* Begin PBXVariantGroup section */
		FF715B472171D6F500F01967 /* Main.storyboard */ = {
			isa = PBXVariantGroup;
			children = (
				FF715B482171D6F500F01967 /* Base */,
			);
			name = Main.storyboard;
			sourceTree = "<group>";
		};
/* End PBXVariantGroup section */

/* Begin XCBuildConfiguration section */
		FF715B692171D6F700F01967 /* Debug */ = {
			isa = XCBuildConfiguration;
			buildSettings = {
				ALWAYS_SEARCH_USER_PATHS = NO;
				CLANG_ANALYZER_NONNULL = YES;
				CLANG_ANALYZER_NUMBER_OBJECT_CONVERSION = YES_AGGRESSIVE;
				CLANG_CXX_LANGUAGE_STANDARD = "gnu++14";
				CLANG_CXX_LIBRARY = "libc++";
				CLANG_ENABLE_MODULES = YES;
				CLANG_ENABLE_OBJC_ARC = YES;
				CLANG_ENABLE_OBJC_WEAK = YES;
				CLANG_WARN_BLOCK_CAPTURE_AUTORELEASING = YES;
				CLANG_WARN_BOOL_CONVERSION = YES;
				CLANG_WARN_COMMA = YES;
				CLANG_WARN_CONSTANT_CONVERSION = YES;
				CLANG_WARN_DEPRECATED_OBJC_IMPLEMENTATIONS = YES;
				CLANG_WARN_DIRECT_OBJC_ISA_USAGE = YES_ERROR;
				CLANG_WARN_DOCUMENTATION_COMMENTS = YES;
				CLANG_WARN_EMPTY_BODY = YES;
				CLANG_WARN_ENUM_CONVERSION = YES;
				CLANG_WARN_INFINITE_RECURSION = YES;
				CLANG_WARN_INT_CONVERSION = YES;
				CLANG_WARN_NON_LITERAL_NULL_CONVERSION = YES;
				CLANG_WARN_OBJC_IMPLICIT_RETAIN_SELF = YES;
				CLANG_WARN_OBJC_LITERAL_CONVERSION = YES;
				CLANG_WARN_OBJC_ROOT_CLASS = YES_ERROR;
				CLANG_WARN_RANGE_LOOP_ANALYSIS = YES;
				CLANG_WARN_STRICT_PROTOTYPES = YES;
				CLANG_WARN_SUSPICIOUS_MOVE = YES;
				CLANG_WARN_UNGUARDED_AVAILABILITY = YES_AGGRESSIVE;
				CLANG_WARN_UNREACHABLE_CODE = YES;
				CLANG_WARN__DUPLICATE_METHOD_MATCH = YES;
				CODE_SIGN_IDENTITY = "iPhone Developer";
				COPY_PHASE_STRIP = NO;
				DEBUG_INFORMATION_FORMAT = dwarf;
				ENABLE_STRICT_OBJC_MSGSEND = YES;
				ENABLE_TESTABILITY = YES;
				GCC_C_LANGUAGE_STANDARD = gnu11;
				GCC_DYNAMIC_NO_PIC = NO;
				GCC_NO_COMMON_BLOCKS = YES;
				GCC_OPTIMIZATION_LEVEL = 0;
				GCC_PREPROCESSOR_DEFINITIONS = (
					"DEBUG=1",
					"$(inherited)",
				);
				GCC_WARN_64_TO_32_BIT_CONVERSION = YES;
				GCC_WARN_ABOUT_RETURN_TYPE = YES_ERROR;
				GCC_WARN_UNDECLARED_SELECTOR = YES;
				GCC_WARN_UNINITIALIZED_AUTOS = YES_AGGRESSIVE;
				GCC_WARN_UNUSED_FUNCTION = YES;
				GCC_WARN_UNUSED_VARIABLE = YES;
				IPHONEOS_DEPLOYMENT_TARGET = 11.4;
				MTL_ENABLE_DEBUG_INFO = YES;
				ONLY_ACTIVE_ARCH = YES;
				SDKROOT = iphoneos;
				SWIFT_ACTIVE_COMPILATION_CONDITIONS = DEBUG;
				SWIFT_OPTIMIZATION_LEVEL = "-Onone";
			};
			name = Debug;
		};
		FF715B6A2171D6F700F01967 /* Release */ = {
			isa = XCBuildConfiguration;
			buildSettings = {
				ALWAYS_SEARCH_USER_PATHS = NO;
				CLANG_ANALYZER_NONNULL = YES;
				CLANG_ANALYZER_NUMBER_OBJECT_CONVERSION = YES_AGGRESSIVE;
				CLANG_CXX_LANGUAGE_STANDARD = "gnu++14";
				CLANG_CXX_LIBRARY = "libc++";
				CLANG_ENABLE_MODULES = YES;
				CLANG_ENABLE_OBJC_ARC = YES;
				CLANG_ENABLE_OBJC_WEAK = YES;
				CLANG_WARN_BLOCK_CAPTURE_AUTORELEASING = YES;
				CLANG_WARN_BOOL_CONVERSION = YES;
				CLANG_WARN_COMMA = YES;
				CLANG_WARN_CONSTANT_CONVERSION = YES;
				CLANG_WARN_DEPRECATED_OBJC_IMPLEMENTATIONS = YES;
				CLANG_WARN_DIRECT_OBJC_ISA_USAGE = YES_ERROR;
				CLANG_WARN_DOCUMENTATION_COMMENTS = YES;
				CLANG_WARN_EMPTY_BODY = YES;
				CLANG_WARN_ENUM_CONVERSION = YES;
				CLANG_WARN_INFINITE_RECURSION = YES;
				CLANG_WARN_INT_CONVERSION = YES;
				CLANG_WARN_NON_LITERAL_NULL_CONVERSION = YES;
				CLANG_WARN_OBJC_IMPLICIT_RETAIN_SELF = YES;
				CLANG_WARN_OBJC_LITERAL_CONVERSION = YES;
				CLANG_WARN_OBJC_ROOT_CLASS = YES_ERROR;
				CLANG_WARN_RANGE_LOOP_ANALYSIS = YES;
				CLANG_WARN_STRICT_PROTOTYPES = YES;
				CLANG_WARN_SUSPICIOUS_MOVE = YES;
				CLANG_WARN_UNGUARDED_AVAILABILITY = YES_AGGRESSIVE;
				CLANG_WARN_UNREACHABLE_CODE = YES;
				CLANG_WARN__DUPLICATE_METHOD_MATCH = YES;
				CODE_SIGN_IDENTITY = "iPhone Developer";
				COPY_PHASE_STRIP = NO;
				DEBUG_INFORMATION_FORMAT = "dwarf-with-dsym";
				ENABLE_NS_ASSERTIONS = NO;
				ENABLE_STRICT_OBJC_MSGSEND = YES;
				GCC_C_LANGUAGE_STANDARD = gnu11;
				GCC_NO_COMMON_BLOCKS = YES;
				GCC_WARN_64_TO_32_BIT_CONVERSION = YES;
				GCC_WARN_ABOUT_RETURN_TYPE = YES_ERROR;
				GCC_WARN_UNDECLARED_SELECTOR = YES;
				GCC_WARN_UNINITIALIZED_AUTOS = YES_AGGRESSIVE;
				GCC_WARN_UNUSED_FUNCTION = YES;
				GCC_WARN_UNUSED_VARIABLE = YES;
				IPHONEOS_DEPLOYMENT_TARGET = 11.4;
				MTL_ENABLE_DEBUG_INFO = NO;
				SDKROOT = iphoneos;
				SWIFT_COMPILATION_MODE = wholemodule;
				SWIFT_OPTIMIZATION_LEVEL = "-O";
				VALIDATE_PRODUCT = YES;
			};
			name = Release;
		};
		FF715B6C2171D6F700F01967 /* Debug */ = {
			isa = XCBuildConfiguration;
			baseConfigurationReference = A7C05073A3C787DBF521D929 /* Pods-SolutionPlanetDemoTask.debug.xcconfig */;
			buildSettings = {
				ASSETCATALOG_COMPILER_APPICON_NAME = AppIcon;
				CODE_SIGN_STYLE = Automatic;
				DEVELOPMENT_TEAM = UMUY72KH99;
				INFOPLIST_FILE = SolutionPlanetDemoTask/Info.plist;
				LD_RUNPATH_SEARCH_PATHS = (
					"$(inherited)",
					"@executable_path/Frameworks",
				);
				PRODUCT_BUNDLE_IDENTIFIER = com.SolutionPlanetDemoTask;
				PRODUCT_NAME = "$(TARGET_NAME)";
				SWIFT_VERSION = 4.0;
				TARGETED_DEVICE_FAMILY = "1,2";
			};
			name = Debug;
		};
		FF715B6D2171D6F700F01967 /* Release */ = {
			isa = XCBuildConfiguration;
			baseConfigurationReference = F89BB9B141C3F03D78B9B7F5 /* Pods-SolutionPlanetDemoTask.release.xcconfig */;
			buildSettings = {
				ASSETCATALOG_COMPILER_APPICON_NAME = AppIcon;
				CODE_SIGN_STYLE = Automatic;
				DEVELOPMENT_TEAM = UMUY72KH99;
				INFOPLIST_FILE = SolutionPlanetDemoTask/Info.plist;
				LD_RUNPATH_SEARCH_PATHS = (
					"$(inherited)",
					"@executable_path/Frameworks",
				);
				PRODUCT_BUNDLE_IDENTIFIER = com.SolutionPlanetDemoTask;
				PRODUCT_NAME = "$(TARGET_NAME)";
				SWIFT_VERSION = 4.0;
				TARGETED_DEVICE_FAMILY = "1,2";
			};
			name = Release;
		};
		FF715B6F2171D6F700F01967 /* Debug */ = {
			isa = XCBuildConfiguration;
			baseConfigurationReference = F7D87E2500C4447DBF9DC152 /* Pods-SolutionPlanetDemoTaskTests.debug.xcconfig */;
			buildSettings = {
				ALWAYS_EMBED_SWIFT_STANDARD_LIBRARIES = YES;
				BUNDLE_LOADER = "$(TEST_HOST)";
				CODE_SIGN_STYLE = Automatic;
				INFOPLIST_FILE = SolutionPlanetDemoTaskTests/Info.plist;
				LD_RUNPATH_SEARCH_PATHS = (
					"$(inherited)",
					"@executable_path/Frameworks",
					"@loader_path/Frameworks",
				);
				PRODUCT_BUNDLE_IDENTIFIER = com.SolutionPlanetDemoTaskTests;
				PRODUCT_NAME = "$(TARGET_NAME)";
				SWIFT_VERSION = 4.0;
				TARGETED_DEVICE_FAMILY = "1,2";
				TEST_HOST = "$(BUILT_PRODUCTS_DIR)/SolutionPlanetDemoTask.app/SolutionPlanetDemoTask";
			};
			name = Debug;
		};
		FF715B702171D6F700F01967 /* Release */ = {
			isa = XCBuildConfiguration;
			baseConfigurationReference = 9385D0635ADCA52E36F9601E /* Pods-SolutionPlanetDemoTaskTests.release.xcconfig */;
			buildSettings = {
				ALWAYS_EMBED_SWIFT_STANDARD_LIBRARIES = YES;
				BUNDLE_LOADER = "$(TEST_HOST)";
				CODE_SIGN_STYLE = Automatic;
				INFOPLIST_FILE = SolutionPlanetDemoTaskTests/Info.plist;
				LD_RUNPATH_SEARCH_PATHS = (
					"$(inherited)",
					"@executable_path/Frameworks",
					"@loader_path/Frameworks",
				);
				PRODUCT_BUNDLE_IDENTIFIER = com.SolutionPlanetDemoTaskTests;
				PRODUCT_NAME = "$(TARGET_NAME)";
				SWIFT_VERSION = 4.0;
				TARGETED_DEVICE_FAMILY = "1,2";
				TEST_HOST = "$(BUILT_PRODUCTS_DIR)/SolutionPlanetDemoTask.app/SolutionPlanetDemoTask";
			};
			name = Release;
		};
		FF715B722171D6F700F01967 /* Debug */ = {
			isa = XCBuildConfiguration;
			baseConfigurationReference = 537CF45925C319101268FB08 /* Pods-SolutionPlanetDemoTaskUITests.debug.xcconfig */;
			buildSettings = {
				ALWAYS_EMBED_SWIFT_STANDARD_LIBRARIES = YES;
				CODE_SIGN_STYLE = Automatic;
				INFOPLIST_FILE = SolutionPlanetDemoTaskUITests/Info.plist;
				LD_RUNPATH_SEARCH_PATHS = (
					"$(inherited)",
					"@executable_path/Frameworks",
					"@loader_path/Frameworks",
				);
				PRODUCT_BUNDLE_IDENTIFIER = com.SolutionPlanetDemoTaskUITests;
				PRODUCT_NAME = "$(TARGET_NAME)";
				SWIFT_VERSION = 4.0;
				TARGETED_DEVICE_FAMILY = "1,2";
				TEST_TARGET_NAME = SolutionPlanetDemoTask;
			};
			name = Debug;
		};
		FF715B732171D6F700F01967 /* Release */ = {
			isa = XCBuildConfiguration;
			baseConfigurationReference = 5F5E5D4D3BA30221B69EB094 /* Pods-SolutionPlanetDemoTaskUITests.release.xcconfig */;
			buildSettings = {
				ALWAYS_EMBED_SWIFT_STANDARD_LIBRARIES = YES;
				CODE_SIGN_STYLE = Automatic;
				INFOPLIST_FILE = SolutionPlanetDemoTaskUITests/Info.plist;
				LD_RUNPATH_SEARCH_PATHS = (
					"$(inherited)",
					"@executable_path/Frameworks",
					"@loader_path/Frameworks",
				);
				PRODUCT_BUNDLE_IDENTIFIER = com.SolutionPlanetDemoTaskUITests;
				PRODUCT_NAME = "$(TARGET_NAME)";
				SWIFT_VERSION = 4.0;
				TARGETED_DEVICE_FAMILY = "1,2";
				TEST_TARGET_NAME = SolutionPlanetDemoTask;
			};
			name = Release;
		};
/* End XCBuildConfiguration section */

/* Begin XCConfigurationList section */
		FF715B3B2171D6F500F01967 /* Build configuration list for PBXProject "SolutionPlanetDemoTask" */ = {
			isa = XCConfigurationList;
			buildConfigurations = (
				FF715B692171D6F700F01967 /* Debug */,
				FF715B6A2171D6F700F01967 /* Release */,
			);
			defaultConfigurationIsVisible = 0;
			defaultConfigurationName = Release;
		};
		FF715B6B2171D6F700F01967 /* Build configuration list for PBXNativeTarget "SolutionPlanetDemoTask" */ = {
			isa = XCConfigurationList;
			buildConfigurations = (
				FF715B6C2171D6F700F01967 /* Debug */,
				FF715B6D2171D6F700F01967 /* Release */,
			);
			defaultConfigurationIsVisible = 0;
			defaultConfigurationName = Release;
		};
		FF715B6E2171D6F700F01967 /* Build configuration list for PBXNativeTarget "SolutionPlanetDemoTaskTests" */ = {
			isa = XCConfigurationList;
			buildConfigurations = (
				FF715B6F2171D6F700F01967 /* Debug */,
				FF715B702171D6F700F01967 /* Release */,
			);
			defaultConfigurationIsVisible = 0;
			defaultConfigurationName = Release;
		};
		FF715B712171D6F700F01967 /* Build configuration list for PBXNativeTarget "SolutionPlanetDemoTaskUITests" */ = {
			isa = XCConfigurationList;
			buildConfigurations = (
				FF715B722171D6F700F01967 /* Debug */,
				FF715B732171D6F700F01967 /* Release */,
			);
			defaultConfigurationIsVisible = 0;
			defaultConfigurationName = Release;
		};
/* End XCConfigurationList section */

/* Begin XCVersionGroup section */
		FF715B4A2171D6F500F01967 /* SolutionPlanetDemoTask.xcdatamodeld */ = {
			isa = XCVersionGroup;
			children = (
				FF715B4B2171D6F500F01967 /* SolutionPlanetDemoTask.xcdatamodel */,
			);
			currentVersion = FF715B4B2171D6F500F01967 /* SolutionPlanetDemoTask.xcdatamodel */;
			path = SolutionPlanetDemoTask.xcdatamodeld;
			sourceTree = "<group>";
			versionGroupType = wrapper.xcdatamodel;
		};
/* End XCVersionGroup section */
	};
	rootObject = FF715B382171D6F500F01967 /* Project object */;
}
